{
  "name": "frontend",
  "lockfileVersion": 2,
  "requires": true,
  "packages": {
    "": {
      "dependencies": {
        "react-native-image-picker": "^4.10.1"
      }
    },
    "node_modules/react-native-image-picker": {
      "version": "4.10.1",
      "resolved": "https://registry.npmjs.org/react-native-image-picker/-/react-native-image-picker-4.10.1.tgz",
      "integrity": "sha512-tPA9UtboEsZ8qtm7pX9WInlo9sf0J2ArJgP4uVgKw1QNrwkRX/kZQ6uzOSN747Dhj9WS42ce4RN+rFK86J13DQ==",
      "peerDependencies": {
        "react": "*",
        "react-native": "*"
      }
    }
  },
  "dependencies": {
    "react-native-image-picker": {
      "version": "4.10.1",
      "resolved": "https://registry.npmjs.org/react-native-image-picker/-/react-native-image-picker-4.10.1.tgz",
      "integrity": "sha512-tPA9UtboEsZ8qtm7pX9WInlo9sf0J2ArJgP4uVgKw1QNrwkRX/kZQ6uzOSN747Dhj9WS42ce4RN+rFK86J13DQ=="
    }
  }
}
